
Microsoft Visual Studio Solution File, Format Version 12.00
# Visual Studio 2012
Project("{FAE04EC0-301F-11D3-BF4B-00C04F79EFBC}") = "RectingFullSearch", "RectingFullSearch\RectingFullSearch.csproj", "{E30EF851-E16D-4802-8AE0-CA065E9C1461}"
EndProject
Global
	GlobalSection(SolutionConfigurationPlatforms) = preSolution
		Debug|Any CPU = Debug|Any CPU
		Release|Any CPU = Release|Any CPU
	EndGlobalSection
	GlobalSection(ProjectConfigurationPlatforms) = postSolution
		{E30EF851-E16D-4802-8AE0-CA065E9C1461}.Debug|Any CPU.ActiveCfg = Debug|Any CPU
		{E30EF851-E16D-4802-8AE0-CA065E9C1461}.Debug|Any CPU.Build.0 = Debug|Any CPU
		{E30EF851-E16D-4802-8AE0-CA065E9C1461}.Release|Any CPU.ActiveCfg = Release|Any CPU
		{E30EF851-E16D-4802-8AE0-CA065E9C1461}.Release|Any CPU.Build.0 = Release|Any CPU
	EndGlobalSection
	GlobalSection(SolutionProperties) = preSolution
		HideSolutionNode = FALSE
	EndGlobalSection
EndGlobal
